
Microsoft Visual Studio Solution File, Format Version 12.00
# Visual Studio Version 16
VisualStudioVersion = 16.0.29509.3
MinimumVisualStudioVersion = 10.0.40219.1
Project("{FAE04EC0-301F-11D3-BF4B-00C04F79EFBC}") = "MMmadera", "MMmadera\MMmadera.csproj", "{FB196CEB-F0D1-4B69-9F97-0A994C887619}"
EndProject
Project("{FAE04EC0-301F-11D3-BF4B-00C04F79EFBC}") = "ModelMMmadera", "ModelMadera\ModelMMmadera.csproj", "{4DE091AE-231E-499B-8F81-4E4897419CF8}"
EndProject
Project("{FAE04EC0-301F-11D3-BF4B-00C04F79EFBC}") = "UnitTestMMmadera", "UnitTestMMmadera\UnitTestMMmadera.csproj", "{1633199B-1579-46BC-BC47-E11D0E382601}"
EndProject
Global
	GlobalSection(SolutionConfigurationPlatforms) = preSolution
		Debug|Any CPU = Debug|Any CPU
		Debug|ARM = Debug|ARM
		Debug|ARM64 = Debug|ARM64
		Debug|x64 = Debug|x64
		Debug|x86 = Debug|x86
		Release|Any CPU = Release|Any CPU
		Release|ARM = Release|ARM
		Release|ARM64 = Release|ARM64
		Release|x64 = Release|x64
		Release|x86 = Release|x86
	EndGlobalSection
	GlobalSection(ProjectConfigurationPlatforms) = postSolution
		{FB196CEB-F0D1-4B69-9F97-0A994C887619}.Debug|Any CPU.ActiveCfg = Debug|x86
		{FB196CEB-F0D1-4B69-9F97-0A994C887619}.Debug|ARM.ActiveCfg = Debug|ARM
		{FB196CEB-F0D1-4B69-9F97-0A994C887619}.Debug|ARM.Build.0 = Debug|ARM
		{FB196CEB-F0D1-4B69-9F97-0A994C887619}.Debug|ARM.Deploy.0 = Debug|ARM
		{FB196CEB-F0D1-4B69-9F97-0A994C887619}.Debug|ARM64.ActiveCfg = Debug|ARM64
		{FB196CEB-F0D1-4B69-9F97-0A994C887619}.Debug|ARM64.Build.0 = Debug|ARM64
		{FB196CEB-F0D1-4B69-9F97-0A994C887619}.Debug|ARM64.Deploy.0 = Debug|ARM64
		{FB196CEB-F0D1-4B69-9F97-0A994C887619}.Debug|x64.ActiveCfg = Debug|x64
		{FB196CEB-F0D1-4B69-9F97-0A994C887619}.Debug|x64.Build.0 = Debug|x64
		{FB196CEB-F0D1-4B69-9F97-0A994C887619}.Debug|x64.Deploy.0 = Debug|x64
		{FB196CEB-F0D1-4B69-9F97-0A994C887619}.Debug|x86.ActiveCfg = Debug|x86
		{FB196CEB-F0D1-4B69-9F97-0A994C887619}.Debug|x86.Build.0 = Debug|x86
		{FB196CEB-F0D1-4B69-9F97-0A994C887619}.Debug|x86.Deploy.0 = Debug|x86
		{FB196CEB-F0D1-4B69-9F97-0A994C887619}.Release|Any CPU.ActiveCfg = Release|x86
		{FB196CEB-F0D1-4B69-9F97-0A994C887619}.Release|ARM.ActiveCfg = Release|ARM
		{FB196CEB-F0D1-4B69-9F97-0A994C887619}.Release|ARM.Build.0 = Release|ARM
		{FB196CEB-F0D1-4B69-9F97-0A994C887619}.Release|ARM.Deploy.0 = Release|ARM
		{FB196CEB-F0D1-4B69-9F97-0A994C887619}.Release|ARM64.ActiveCfg = Release|ARM64
		{FB196CEB-F0D1-4B69-9F97-0A994C887619}.Release|ARM64.Build.0 = Release|ARM64
		{FB196CEB-F0D1-4B69-9F97-0A994C887619}.Release|ARM64.Deploy.0 = Release|ARM64
		{FB196CEB-F0D1-4B69-9F97-0A994C887619}.Release|x64.ActiveCfg = Release|x64
		{FB196CEB-F0D1-4B69-9F97-0A994C887619}.Release|x64.Build.0 = Release|x64
		{FB196CEB-F0D1-4B69-9F97-0A994C887619}.Release|x64.Deploy.0 = Release|x64
		{FB196CEB-F0D1-4B69-9F97-0A994C887619}.Release|x86.ActiveCfg = Release|x86
		{FB196CEB-F0D1-4B69-9F97-0A994C887619}.Release|x86.Build.0 = Release|x86
		{FB196CEB-F0D1-4B69-9F97-0A994C887619}.Release|x86.Deploy.0 = Release|x86
		{4DE091AE-231E-499B-8F81-4E4897419CF8}.Debug|Any CPU.ActiveCfg = Debug|Any CPU
		{4DE091AE-231E-499B-8F81-4E4897419CF8}.Debug|Any CPU.Build.0 = Debug|Any CPU
		{4DE091AE-231E-499B-8F81-4E4897419CF8}.Debug|ARM.ActiveCfg = Debug|ARM
		{4DE091AE-231E-499B-8F81-4E4897419CF8}.Debug|ARM.Build.0 = Debug|ARM
		{4DE091AE-231E-499B-8F81-4E4897419CF8}.Debug|ARM64.ActiveCfg = Debug|ARM64
		{4DE091AE-231E-499B-8F81-4E4897419CF8}.Debug|ARM64.Build.0 = Debug|ARM64
		{4DE091AE-231E-499B-8F81-4E4897419CF8}.Debug|x64.ActiveCfg = Debug|x64
		{4DE091AE-231E-499B-8F81-4E4897419CF8}.Debug|x64.Build.0 = Debug|x64
		{4DE091AE-231E-499B-8F81-4E4897419CF8}.Debug|x86.ActiveCfg = Debug|x86
		{4DE091AE-231E-499B-8F81-4E4897419CF8}.Debug|x86.Build.0 = Debug|x86
		{4DE091AE-231E-499B-8F81-4E4897419CF8}.Release|Any CPU.ActiveCfg = Release|Any CPU
		{4DE091AE-231E-499B-8F81-4E4897419CF8}.Release|Any CPU.Build.0 = Release|Any CPU
		{4DE091AE-231E-499B-8F81-4E4897419CF8}.Release|ARM.ActiveCfg = Release|ARM
		{4DE091AE-231E-499B-8F81-4E4897419CF8}.Release|ARM.Build.0 = Release|ARM
		{4DE091AE-231E-499B-8F81-4E4897419CF8}.Release|ARM64.ActiveCfg = Release|ARM64
		{4DE091AE-231E-499B-8F81-4E4897419CF8}.Release|ARM64.Build.0 = Release|ARM64
		{4DE091AE-231E-499B-8F81-4E4897419CF8}.Release|x64.ActiveCfg = Release|x64
		{4DE091AE-231E-499B-8F81-4E4897419CF8}.Release|x64.Build.0 = Release|x64
		{4DE091AE-231E-499B-8F81-4E4897419CF8}.Release|x86.ActiveCfg = Release|x86
		{4DE091AE-231E-499B-8F81-4E4897419CF8}.Release|x86.Build.0 = Release|x86
		{1633199B-1579-46BC-BC47-E11D0E382601}.Debug|Any CPU.ActiveCfg = Debug|x86
		{1633199B-1579-46BC-BC47-E11D0E382601}.Debug|ARM.ActiveCfg = Debug|ARM
		{1633199B-1579-46BC-BC47-E11D0E382601}.Debug|ARM.Build.0 = Debug|ARM
		{1633199B-1579-46BC-BC47-E11D0E382601}.Debug|ARM.Deploy.0 = Debug|ARM
		{1633199B-1579-46BC-BC47-E11D0E382601}.Debug|ARM64.ActiveCfg = Debug|ARM64
		{1633199B-1579-46BC-BC47-E11D0E382601}.Debug|ARM64.Build.0 = Debug|ARM64
		{1633199B-1579-46BC-BC47-E11D0E382601}.Debug|ARM64.Deploy.0 = Debug|ARM64
		{1633199B-1579-46BC-BC47-E11D0E382601}.Debug|x64.ActiveCfg = Debug|x64
		{1633199B-1579-46BC-BC47-E11D0E382601}.Debug|x64.Build.0 = Debug|x64
		{1633199B-1579-46BC-BC47-E11D0E382601}.Debug|x64.Deploy.0 = Debug|x64
		{1633199B-1579-46BC-BC47-E11D0E382601}.Debug|x86.ActiveCfg = Debug|x86
		{1633199B-1579-46BC-BC47-E11D0E382601}.Debug|x86.Build.0 = Debug|x86
		{1633199B-1579-46BC-BC47-E11D0E382601}.Debug|x86.Deploy.0 = Debug|x86
		{1633199B-1579-46BC-BC47-E11D0E382601}.Release|Any CPU.ActiveCfg = Release|x86
		{1633199B-1579-46BC-BC47-E11D0E382601}.Release|ARM.ActiveCfg = Release|ARM
		{1633199B-1579-46BC-BC47-E11D0E382601}.Release|ARM.Build.0 = Release|ARM
		{1633199B-1579-46BC-BC47-E11D0E382601}.Release|ARM.Deploy.0 = Release|ARM
		{1633199B-1579-46BC-BC47-E11D0E382601}.Release|ARM64.ActiveCfg = Release|ARM64
		{1633199B-1579-46BC-BC47-E11D0E382601}.Release|ARM64.Build.0 = Release|ARM64
		{1633199B-1579-46BC-BC47-E11D0E382601}.Release|ARM64.Deploy.0 = Release|ARM64
		{1633199B-1579-46BC-BC47-E11D0E382601}.Release|x64.ActiveCfg = Release|x64
		{1633199B-1579-46BC-BC47-E11D0E382601}.Release|x64.Build.0 = Release|x64
		{1633199B-1579-46BC-BC47-E11D0E382601}.Release|x64.Deploy.0 = Release|x64
		{1633199B-1579-46BC-BC47-E11D0E382601}.Release|x86.ActiveCfg = Release|x86
		{1633199B-1579-46BC-BC47-E11D0E382601}.Release|x86.Build.0 = Release|x86
		{1633199B-1579-46BC-BC47-E11D0E382601}.Release|x86.Deploy.0 = Release|x86
	EndGlobalSection
	GlobalSection(SolutionProperties) = preSolution
		HideSolutionNode = FALSE
	EndGlobalSection
	GlobalSection(ExtensibilityGlobals) = postSolution
		SolutionGuid = {42F01752-0AD7-48C2-84B2-CE755A99139D}
	EndGlobalSection
EndGlobal
